
Microsoft Visual Studio Solution File, Format Version 12.00
# Visual Studio 15
VisualStudioVersion = 15.0.28307.489
MinimumVisualStudioVersion = 10.0.40219.1
Project("{FAE04EC0-301F-11D3-BF4B-00C04F79EFBC}") = "Gagan_Dog_Race", "Gagan_Dog_Race\Gagan_Dog_Race.csproj", "{AE8E589F-3D96-43E9-B819-C56CE39A241A}"
EndProject
Global
	GlobalSection(SolutionConfigurationPlatforms) = preSolution
		Debug|Any CPU = Debug|Any CPU
		Release|Any CPU = Release|Any CPU
	EndGlobalSection
	GlobalSection(ProjectConfigurationPlatforms) = postSolution
		{AE8E589F-3D96-43E9-B819-C56CE39A241A}.Debug|Any CPU.ActiveCfg = Debug|Any CPU
		{AE8E589F-3D96-43E9-B819-C56CE39A241A}.Debug|Any CPU.Build.0 = Debug|Any CPU
		{AE8E589F-3D96-43E9-B819-C56CE39A241A}.Release|Any CPU.ActiveCfg = Release|Any CPU
		{AE8E589F-3D96-43E9-B819-C56CE39A241A}.Release|Any CPU.Build.0 = Release|Any CPU
	EndGlobalSection
	GlobalSection(SolutionProperties) = preSolution
		HideSolutionNode = FALSE
	EndGlobalSection
	GlobalSection(ExtensibilityGlobals) = postSolution
		SolutionGuid = {40303E63-FBD9-4AEB-A052-E8E266232DF8}
	EndGlobalSection
EndGlobal
